
Microsoft Visual Studio Solution File, Format Version 12.00
# Visual Studio Version 16
VisualStudioVersion = 16.0.30011.22
MinimumVisualStudioVersion = 10.0.40219.1
Project("{FAE04EC0-301F-11D3-BF4B-00C04F79EFBC}") = "CarritoComprasEcomerce", "CarritoComprasEcomerce\CarritoComprasEcomerce.csproj", "{DBA899AE-3F1F-40A1-BC7E-A8E47E0AADA3}"
EndProject
Project("{FAE04EC0-301F-11D3-BF4B-00C04F79EFBC}") = "LibreriaPruebas", "LibreriaPruebas\LibreriaPruebas.csproj", "{D92DCAB7-99DD-43C2-8C46-BE066BFC47A2}"
EndProject
Global
	GlobalSection(SolutionConfigurationPlatforms) = preSolution
		Debug|Any CPU = Debug|Any CPU
		Release|Any CPU = Release|Any CPU
	EndGlobalSection
	GlobalSection(ProjectConfigurationPlatforms) = postSolution
		{DBA899AE-3F1F-40A1-BC7E-A8E47E0AADA3}.Debug|Any CPU.ActiveCfg = Debug|Any CPU
		{DBA899AE-3F1F-40A1-BC7E-A8E47E0AADA3}.Debug|Any CPU.Build.0 = Debug|Any CPU
		{DBA899AE-3F1F-40A1-BC7E-A8E47E0AADA3}.Release|Any CPU.ActiveCfg = Release|Any CPU
		{DBA899AE-3F1F-40A1-BC7E-A8E47E0AADA3}.Release|Any CPU.Build.0 = Release|Any CPU
		{D92DCAB7-99DD-43C2-8C46-BE066BFC47A2}.Debug|Any CPU.ActiveCfg = Debug|Any CPU
		{D92DCAB7-99DD-43C2-8C46-BE066BFC47A2}.Debug|Any CPU.Build.0 = Debug|Any CPU
		{D92DCAB7-99DD-43C2-8C46-BE066BFC47A2}.Release|Any CPU.ActiveCfg = Release|Any CPU
		{D92DCAB7-99DD-43C2-8C46-BE066BFC47A2}.Release|Any CPU.Build.0 = Release|Any CPU
	EndGlobalSection
	GlobalSection(SolutionProperties) = preSolution
		HideSolutionNode = FALSE
	EndGlobalSection
	GlobalSection(ExtensibilityGlobals) = postSolution
		SolutionGuid = {4D2AF8FF-4E46-4172-AC9C-351B6F46A644}
	EndGlobalSection
EndGlobal
